{
  "name": "ofbiz-framework",
  "requires": true,
  "lockfileVersion": 1,
  "dependencies": {
    "dompurify": {
      "version": "2.3.4",
      "resolved": "https://registry.npmjs.org/dompurify/-/dompurify-2.3.4.tgz",
      "integrity": "sha512-6BVcgOAVFXjI0JTjEvZy901Rghm+7fDQOrNIcxB4+gdhj6Kwp6T9VBhBY/AbagKHJocRkDYGd6wvI+p4/10xtQ=="
    },
    "flot": {
      "version": "4.2.2",
      "resolved": "https://registry.npmjs.org/flot/-/flot-4.2.2.tgz",
      "integrity": "sha512-Strct/A27o0TA25X7Z0pxKhwK4djiP1Kjeqj0tkiqrkRu1qYPqfbp5BYuxEL8CWDNtj85Uc0PnG2E2plo1+VMg=="
    },
    "jquery": {
      "version": "3.6.0",
      "resolved": "https://registry.npmjs.org/jquery/-/jquery-3.6.0.tgz",
      "integrity": "sha512-JVzAR/AjBvVt2BmYhxRCSYysDsPcssdmTFnzyLEts9qNwmjmu4JTAMYubEfwVOSwpQ1I1sKKFcxhZCI2buerfw=="
    },
    "jquery-migrate": {
      "version": "3.3.2",
      "resolved": "https://registry.npmjs.org/jquery-migrate/-/jquery-migrate-3.3.2.tgz",
      "integrity": "sha512-L3gYhr7yEtLUSAeqXSicVa0vRD4aGwjw/bWY8YzrO2o/qDY1BaMyP3oB3bZf5Auy3Hu9ynliio0CTyDWCBPVDw=="
    },
    "jquery-ui-dist": {
      "version": "1.13.0",
      "resolved": "https://registry.npmjs.org/jquery-ui-dist/-/jquery-ui-dist-1.13.0.tgz",
      "integrity": "sha512-fgpGOW098swRvTLglH3RLyAjW/8Ecxd35fO7Z1WtBidhZgnPDvTJzZ+XFybAFzv3zZiEESI8TkK6oYXbzu/rKw==",
      "requires": {
        "jquery": ">=1.8.0 <4.0.0"
      }
    },
    "jquery-validation": {
      "version": "1.19.3",
      "resolved": "https://registry.npmjs.org/jquery-validation/-/jquery-validation-1.19.3.tgz",
      "integrity": "sha512-iXxCS5W7STthSTMFX/NDZfWHBLbJ1behVK3eAgHXAV8/0vRa9M4tiqHvJMr39VGWHMGdlkhrtrkBuaL2UlE8yw=="
    },
    "jquery.browser": {
      "version": "0.1.0",
      "resolved": "https://registry.npmjs.org/jquery.browser/-/jquery.browser-0.1.0.tgz",
      "integrity": "sha1-nHKmCV/SgUtER26o9xZne3Kmors="
    },
    "trumbowyg": {
      "version": "2.25.1",
      "resolved": "https://registry.npmjs.org/trumbowyg/-/trumbowyg-2.25.1.tgz",
      "integrity": "sha512-bmmV1qC+fTLfyVpLE5iZjCzHG5DfAwM7p8K2fdq6L1kOi+IrVJk/qGFVEEmYyJ0Ofd1z3g2vavfABpmkVLzV6A=="
    }
  }
}
