{
    "name": "ofbiz-common-theme",
    "lockfileVersion": 2,
    "requires": true,
    "packages": {
        "": {
            "name": "ofbiz-common-theme",
            "license": "Apache-2.0",
            "dependencies": {
                "@chinchilla-software/jquery-ui-timepicker-addon": "^1.6.3",
                "dompurify": "^3.0.6",
                "featherlight": "^1.7.14",
                "flot": "^4.2.6",
                "inputmask": "^5.0.8",
                "jquery": "^3.7.1",
                "jquery-migrate": "^3.4.1",
                "jquery-ui-dist": "^1.13.2",
                "jquery-validation": "^1.20.0",
                "jquery.browser": "^0.1.0",
                "trumbowyg": "^2.27.3",
                "uglify-js": "3.17.4"
            }
        },
        "node_modules/@chinchilla-software/jquery-ui-timepicker-addon": {
            "version": "1.6.3",
            "resolved": "https://registry.npmjs.org/@chinchilla-software/jquery-ui-timepicker-addon/-/jquery-ui-timepicker-addon-1.6.3.tgz",
            "integrity": "sha512-P2rOR4MWcBMTbkaA0AE77COj8BTBIeNp9trtUKbvWFAoBoWHpwGhN8WIEjST7h/1nVQH+4CSpa4i9XoXZYvWXg==",
            "engines": {
                "node": ">= 0.8.0"
            }
        },
        "node_modules/dompurify": {
            "version": "3.0.6",
            "resolved": "https://registry.npmjs.org/dompurify/-/dompurify-3.0.6.tgz",
            "integrity": "sha512-ilkD8YEnnGh1zJ240uJsW7AzE+2qpbOUYjacomn3AvJ6J4JhKGSZ2nh4wUIXPZrEPppaCLx5jFe8T89Rk8tQ7w=="
        },
        "node_modules/featherlight": {
            "version": "1.7.14",
            "resolved": "https://registry.npmjs.org/featherlight/-/featherlight-1.7.14.tgz",
            "integrity": "sha512-4R0Vk0pTN5IPCuMABPtXJ6hgGgoK1qwbxGB4Nf06gXovw/i+r3s/f94ksZYjsW3c2oMEAS9A8exdlNaX9YSSRQ=="
        },
        "node_modules/flot": {
            "version": "4.2.6",
            "resolved": "https://registry.npmjs.org/flot/-/flot-4.2.6.tgz",
            "integrity": "sha512-Iz4HCet1ZBQnjGwECz4jseD1zMnh7m2XJIMI6A62l8h2SeceLYOEmYGNQto1XhkSM9fUmqzyKhWwJ+RolWLydg=="
        },
        "node_modules/inputmask": {
            "version": "5.0.8",
            "resolved": "https://registry.npmjs.org/inputmask/-/inputmask-5.0.8.tgz",
            "integrity": "sha512-1WcbyudPTXP1B28ozWWyFa6QRIUG4KiLoyR6LFHlpT4OfTzRqFfWgHFadNvRuMN1S9XNVz9CdNvCGjJi+uAMqQ=="
        },
        "node_modules/jquery": {
            "version": "3.7.1",
            "resolved": "https://registry.npmjs.org/jquery/-/jquery-3.7.1.tgz",
            "integrity": "sha512-m4avr8yL8kmFN8psrbFFFmB/If14iN5o9nw/NgnnM+kybDJpRsAynV2BsfpTYrTRysYUdADVD7CkUUizgkpLfg=="
        },
        "node_modules/jquery-migrate": {
            "version": "3.4.1",
            "resolved": "https://registry.npmjs.org/jquery-migrate/-/jquery-migrate-3.4.1.tgz",
            "integrity": "sha512-6RaV23lLAYccu8MtLfy2sIxOvx+bulnWHm/pvffAi7KOzPk1sN9IYglpkl1ZNCj1FSgSNDPS2fSZ1hWsXc200Q==",
            "peerDependencies": {
                "jquery": ">=3 <4"
            }
        },
        "node_modules/jquery-ui-dist": {
            "version": "1.13.2",
            "resolved": "https://registry.npmjs.org/jquery-ui-dist/-/jquery-ui-dist-1.13.2.tgz",
            "integrity": "sha512-oVDRd1NLtTbBwpRKAYdIRgpWVDzeBhfy7Gu0RmY6JEaZtmBq6kDn1pm5SgDiAotrnDS+RoTRXO6xvcNTxA9tOA==",
            "dependencies": {
                "jquery": ">=1.8.0 <4.0.0"
            }
        },
        "node_modules/jquery-validation": {
            "version": "1.20.0",
            "resolved": "https://registry.npmjs.org/jquery-validation/-/jquery-validation-1.20.0.tgz",
            "integrity": "sha512-c8tg4ltIIP6L7l0bZ79sRzOJYquyjS48kQZ6iv8MJ2r0OYztxtkWYKTReZyU2/zVFYiINB29i0Z/IRNNuJQN1g==",
            "peerDependencies": {
                "jquery": "^1.7 || ^2.0 || ^3.1"
            }
        },
        "node_modules/jquery.browser": {
            "version": "0.1.0",
            "resolved": "https://registry.npmjs.org/jquery.browser/-/jquery.browser-0.1.0.tgz",
            "integrity": "sha512-5GjtLzzEBzxs/nwSVpCbSdk0acssfKsP7Upp43zmdHVV1Vb6E9VayyqPAQlfLrTeZL3YSWocCbkOvKdAc2CN4g==",
            "engines": {
                "node": ">= 0.4.0"
            }
        },
        "node_modules/trumbowyg": {
            "version": "2.27.3",
            "resolved": "https://registry.npmjs.org/trumbowyg/-/trumbowyg-2.27.3.tgz",
            "integrity": "sha512-mEFhPSrF3dobjnGSSW7BfnmX5Pnv9T4KIoATOHxFOHtb1exE0L2hNPxCr6Bh4iFRJQD4UErleyKCapKf2yImKw==",
            "peerDependencies": {
                "jquery": ">=1.8"
            }
        },
        "node_modules/uglify-js": {
            "version": "3.17.4",
            "resolved": "https://registry.npmjs.org/uglify-js/-/uglify-js-3.17.4.tgz",
            "integrity": "sha512-T9q82TJI9e/C1TAxYvfb16xO120tMVFZrGA3f9/P4424DNu6ypK103y0GPFVa17yotwSyZW5iYXgjYHkGrJW/g==",
            "bin": {
                "uglifyjs": "bin/uglifyjs"
            },
            "engines": {
                "node": ">=0.8.0"
            }
        }
    },
    "dependencies": {
        "@chinchilla-software/jquery-ui-timepicker-addon": {
            "version": "1.6.3",
            "resolved": "https://registry.npmjs.org/@chinchilla-software/jquery-ui-timepicker-addon/-/jquery-ui-timepicker-addon-1.6.3.tgz",
            "integrity": "sha512-P2rOR4MWcBMTbkaA0AE77COj8BTBIeNp9trtUKbvWFAoBoWHpwGhN8WIEjST7h/1nVQH+4CSpa4i9XoXZYvWXg=="
        },
        "dompurify": {
            "version": "3.0.6",
            "resolved": "https://registry.npmjs.org/dompurify/-/dompurify-3.0.6.tgz",
            "integrity": "sha512-ilkD8YEnnGh1zJ240uJsW7AzE+2qpbOUYjacomn3AvJ6J4JhKGSZ2nh4wUIXPZrEPppaCLx5jFe8T89Rk8tQ7w=="
        },
        "featherlight": {
            "version": "1.7.14",
            "resolved": "https://registry.npmjs.org/featherlight/-/featherlight-1.7.14.tgz",
            "integrity": "sha512-4R0Vk0pTN5IPCuMABPtXJ6hgGgoK1qwbxGB4Nf06gXovw/i+r3s/f94ksZYjsW3c2oMEAS9A8exdlNaX9YSSRQ=="
        },
        "flot": {
            "version": "4.2.6",
            "resolved": "https://registry.npmjs.org/flot/-/flot-4.2.6.tgz",
            "integrity": "sha512-Iz4HCet1ZBQnjGwECz4jseD1zMnh7m2XJIMI6A62l8h2SeceLYOEmYGNQto1XhkSM9fUmqzyKhWwJ+RolWLydg=="
        },
        "inputmask": {
            "version": "5.0.8",
            "resolved": "https://registry.npmjs.org/inputmask/-/inputmask-5.0.8.tgz",
            "integrity": "sha512-1WcbyudPTXP1B28ozWWyFa6QRIUG4KiLoyR6LFHlpT4OfTzRqFfWgHFadNvRuMN1S9XNVz9CdNvCGjJi+uAMqQ=="
        },
        "jquery": {
            "version": "3.7.1",
            "resolved": "https://registry.npmjs.org/jquery/-/jquery-3.7.1.tgz",
            "integrity": "sha512-m4avr8yL8kmFN8psrbFFFmB/If14iN5o9nw/NgnnM+kybDJpRsAynV2BsfpTYrTRysYUdADVD7CkUUizgkpLfg=="
        },
        "jquery-migrate": {
            "version": "3.4.1",
            "resolved": "https://registry.npmjs.org/jquery-migrate/-/jquery-migrate-3.4.1.tgz",
            "integrity": "sha512-6RaV23lLAYccu8MtLfy2sIxOvx+bulnWHm/pvffAi7KOzPk1sN9IYglpkl1ZNCj1FSgSNDPS2fSZ1hWsXc200Q==",
            "requires": {}
        },
        "jquery-ui-dist": {
            "version": "1.13.2",
            "resolved": "https://registry.npmjs.org/jquery-ui-dist/-/jquery-ui-dist-1.13.2.tgz",
            "integrity": "sha512-oVDRd1NLtTbBwpRKAYdIRgpWVDzeBhfy7Gu0RmY6JEaZtmBq6kDn1pm5SgDiAotrnDS+RoTRXO6xvcNTxA9tOA==",
            "requires": {
                "jquery": ">=1.8.0 <4.0.0"
            }
        },
        "jquery-validation": {
            "version": "1.20.0",
            "resolved": "https://registry.npmjs.org/jquery-validation/-/jquery-validation-1.20.0.tgz",
            "integrity": "sha512-c8tg4ltIIP6L7l0bZ79sRzOJYquyjS48kQZ6iv8MJ2r0OYztxtkWYKTReZyU2/zVFYiINB29i0Z/IRNNuJQN1g==",
            "requires": {}
        },
        "jquery.browser": {
            "version": "0.1.0",
            "resolved": "https://registry.npmjs.org/jquery.browser/-/jquery.browser-0.1.0.tgz",
            "integrity": "sha512-5GjtLzzEBzxs/nwSVpCbSdk0acssfKsP7Upp43zmdHVV1Vb6E9VayyqPAQlfLrTeZL3YSWocCbkOvKdAc2CN4g=="
        },
        "trumbowyg": {
            "version": "2.27.3",
            "resolved": "https://registry.npmjs.org/trumbowyg/-/trumbowyg-2.27.3.tgz",
            "integrity": "sha512-mEFhPSrF3dobjnGSSW7BfnmX5Pnv9T4KIoATOHxFOHtb1exE0L2hNPxCr6Bh4iFRJQD4UErleyKCapKf2yImKw==",
            "requires": {}
        },
        "uglify-js": {
            "version": "3.17.4",
            "resolved": "https://registry.npmjs.org/uglify-js/-/uglify-js-3.17.4.tgz",
            "integrity": "sha512-T9q82TJI9e/C1TAxYvfb16xO120tMVFZrGA3f9/P4424DNu6ypK103y0GPFVa17yotwSyZW5iYXgjYHkGrJW/g=="
        }
    }
}
