{
    "name": "ofbiz-framework",
    "lockfileVersion": 2,
    "requires": true,
    "packages": {
        "": {
            "name": "ofbiz-framework",
            "license": "Apache-2.0",
            "dependencies": {
                "@chinchilla-software/jquery-ui-timepicker-addon": "^1.6.3",
                "dompurify": "^2.3.8",
                "flot": "^4.2.2",
                "jquery": "^3.6.0",
                "jquery-migrate": "^3.4.0",
                "jquery-ui-dist": "^1.13.1",
                "jquery-validation": "^1.19.4",
                "jquery.browser": "^0.1.0",
                "trumbowyg": "^2.25.1",
                "uglify-js": "latest"
            }
        },
        "node_modules/@chinchilla-software/jquery-ui-timepicker-addon": {
            "version": "1.6.3",
            "resolved": "https://registry.npmjs.org/@chinchilla-software/jquery-ui-timepicker-addon/-/jquery-ui-timepicker-addon-1.6.3.tgz",
            "integrity": "sha512-P2rOR4MWcBMTbkaA0AE77COj8BTBIeNp9trtUKbvWFAoBoWHpwGhN8WIEjST7h/1nVQH+4CSpa4i9XoXZYvWXg==",
            "engines": {
                "node": ">= 0.8.0"
            }
        },
        "node_modules/dompurify": {
            "version": "2.3.8",
            "resolved": "https://registry.npmjs.org/dompurify/-/dompurify-2.3.8.tgz",
            "integrity": "sha512-eVhaWoVibIzqdGYjwsBWodIQIaXFSB+cKDf4cfxLMsK0xiud6SE+/WCVx/Xw/UwQsa4cS3T2eITcdtmTg2UKcw=="
        },
        "node_modules/flot": {
            "version": "4.2.2",
            "resolved": "https://registry.npmjs.org/flot/-/flot-4.2.2.tgz",
            "integrity": "sha512-Strct/A27o0TA25X7Z0pxKhwK4djiP1Kjeqj0tkiqrkRu1qYPqfbp5BYuxEL8CWDNtj85Uc0PnG2E2plo1+VMg=="
        },
        "node_modules/jquery": {
            "version": "3.6.0",
            "resolved": "https://registry.npmjs.org/jquery/-/jquery-3.6.0.tgz",
            "integrity": "sha512-JVzAR/AjBvVt2BmYhxRCSYysDsPcssdmTFnzyLEts9qNwmjmu4JTAMYubEfwVOSwpQ1I1sKKFcxhZCI2buerfw=="
        },
        "node_modules/jquery-migrate": {
            "version": "3.4.0",
            "resolved": "https://registry.npmjs.org/jquery-migrate/-/jquery-migrate-3.4.0.tgz",
            "integrity": "sha512-K0W02EhZyqjVpyF5pdi+t238cIfQACzMsXiX4AEfEOxPPfiZZFzf3brtFY21FOOEPiWZF4mH04TXHDE6e2YDyg==",
            "peerDependencies": {
                "jquery": ">=3 <4"
            }
        },
        "node_modules/jquery-ui-dist": {
            "version": "1.13.1",
            "resolved": "https://registry.npmjs.org/jquery-ui-dist/-/jquery-ui-dist-1.13.1.tgz",
            "integrity": "sha512-Y711Pu4BRVrAlL58KSxX4ail74jaCJZaZcdNDLava+MgZeNwmVWmyYiK7KxyoJu1MB73eSunjJvYDbOuNrOA7w==",
            "dependencies": {
                "jquery": ">=1.8.0 <4.0.0"
            }
        },
        "node_modules/jquery-validation": {
            "version": "1.19.4",
            "resolved": "https://registry.npmjs.org/jquery-validation/-/jquery-validation-1.19.4.tgz",
            "integrity": "sha512-PcwKcATCR+JL77m9kkWd84NAHAunJP9iasF6IbMxUgl73xDAimxjt5oYFmYHDXBmTZM4rpkXxMNR/jGI5TlSjA==",
            "peerDependencies": {
                "jquery": "^1.7 || ^2.0 || ^3.1"
            }
        },
        "node_modules/jquery.browser": {
            "version": "0.1.0",
            "resolved": "https://registry.npmjs.org/jquery.browser/-/jquery.browser-0.1.0.tgz",
            "integrity": "sha1-nHKmCV/SgUtER26o9xZne3Kmors=",
            "engines": {
                "node": ">= 0.4.0"
            }
        },
        "node_modules/trumbowyg": {
            "version": "2.25.1",
            "resolved": "https://registry.npmjs.org/trumbowyg/-/trumbowyg-2.25.1.tgz",
            "integrity": "sha512-bmmV1qC+fTLfyVpLE5iZjCzHG5DfAwM7p8K2fdq6L1kOi+IrVJk/qGFVEEmYyJ0Ofd1z3g2vavfABpmkVLzV6A==",
            "peerDependencies": {
                "jquery": ">=1.8"
            }
        },
        "node_modules/uglify-js": {
            "version": "3.16.2",
            "resolved": "https://registry.npmjs.org/uglify-js/-/uglify-js-3.16.2.tgz",
            "integrity": "sha512-AaQNokTNgExWrkEYA24BTNMSjyqEXPSfhqoS0AxmHkCJ4U+Dyy5AvbGV/sqxuxficEfGGoX3zWw9R7QpLFfEsg==",
            "bin": {
                "uglifyjs": "bin/uglifyjs"
            },
            "engines": {
                "node": ">=0.8.0"
            }
        }
    },
    "dependencies": {
        "@chinchilla-software/jquery-ui-timepicker-addon": {
            "version": "1.6.3",
            "resolved": "https://registry.npmjs.org/@chinchilla-software/jquery-ui-timepicker-addon/-/jquery-ui-timepicker-addon-1.6.3.tgz",
            "integrity": "sha512-P2rOR4MWcBMTbkaA0AE77COj8BTBIeNp9trtUKbvWFAoBoWHpwGhN8WIEjST7h/1nVQH+4CSpa4i9XoXZYvWXg=="
        },
        "dompurify": {
            "version": "2.3.8",
            "resolved": "https://registry.npmjs.org/dompurify/-/dompurify-2.3.8.tgz",
            "integrity": "sha512-eVhaWoVibIzqdGYjwsBWodIQIaXFSB+cKDf4cfxLMsK0xiud6SE+/WCVx/Xw/UwQsa4cS3T2eITcdtmTg2UKcw=="
        },
        "flot": {
            "version": "4.2.2",
            "resolved": "https://registry.npmjs.org/flot/-/flot-4.2.2.tgz",
            "integrity": "sha512-Strct/A27o0TA25X7Z0pxKhwK4djiP1Kjeqj0tkiqrkRu1qYPqfbp5BYuxEL8CWDNtj85Uc0PnG2E2plo1+VMg=="
        },
        "jquery": {
            "version": "3.6.0",
            "resolved": "https://registry.npmjs.org/jquery/-/jquery-3.6.0.tgz",
            "integrity": "sha512-JVzAR/AjBvVt2BmYhxRCSYysDsPcssdmTFnzyLEts9qNwmjmu4JTAMYubEfwVOSwpQ1I1sKKFcxhZCI2buerfw=="
        },
        "jquery-migrate": {
            "version": "3.4.0",
            "resolved": "https://registry.npmjs.org/jquery-migrate/-/jquery-migrate-3.4.0.tgz",
            "integrity": "sha512-K0W02EhZyqjVpyF5pdi+t238cIfQACzMsXiX4AEfEOxPPfiZZFzf3brtFY21FOOEPiWZF4mH04TXHDE6e2YDyg==",
            "requires": {}
        },
        "jquery-ui-dist": {
            "version": "1.13.1",
            "resolved": "https://registry.npmjs.org/jquery-ui-dist/-/jquery-ui-dist-1.13.1.tgz",
            "integrity": "sha512-Y711Pu4BRVrAlL58KSxX4ail74jaCJZaZcdNDLava+MgZeNwmVWmyYiK7KxyoJu1MB73eSunjJvYDbOuNrOA7w==",
            "requires": {
                "jquery": ">=1.8.0 <4.0.0"
            }
        },
        "jquery-validation": {
            "version": "1.19.4",
            "resolved": "https://registry.npmjs.org/jquery-validation/-/jquery-validation-1.19.4.tgz",
            "integrity": "sha512-PcwKcATCR+JL77m9kkWd84NAHAunJP9iasF6IbMxUgl73xDAimxjt5oYFmYHDXBmTZM4rpkXxMNR/jGI5TlSjA==",
            "requires": {}
        },
        "jquery.browser": {
            "version": "0.1.0",
            "resolved": "https://registry.npmjs.org/jquery.browser/-/jquery.browser-0.1.0.tgz",
            "integrity": "sha1-nHKmCV/SgUtER26o9xZne3Kmors="
        },
        "trumbowyg": {
            "version": "2.25.1",
            "resolved": "https://registry.npmjs.org/trumbowyg/-/trumbowyg-2.25.1.tgz",
            "integrity": "sha512-bmmV1qC+fTLfyVpLE5iZjCzHG5DfAwM7p8K2fdq6L1kOi+IrVJk/qGFVEEmYyJ0Ofd1z3g2vavfABpmkVLzV6A==",
            "requires": {}
        },
        "uglify-js": {
            "version": "3.16.2",
            "resolved": "https://registry.npmjs.org/uglify-js/-/uglify-js-3.16.2.tgz",
            "integrity": "sha512-AaQNokTNgExWrkEYA24BTNMSjyqEXPSfhqoS0AxmHkCJ4U+Dyy5AvbGV/sqxuxficEfGGoX3zWw9R7QpLFfEsg=="
        }
    }
}
