{
    "name": "ofbiz-common-theme",
    "lockfileVersion": 3,
    "requires": true,
    "packages": {
        "": {
            "name": "ofbiz-common-theme",
            "license": "Apache-2.0",
            "dependencies": {
                "@chinchilla-software/jquery-ui-timepicker-addon": "^1.6.3",
                "dompurify": "^3.1.5",
                "featherlight": "^1.7.14",
                "flot": "^4.2.6",
                "inputmask": "^5.0.9",
                "jquery": "^3.7.1",
                "jquery-migrate": "^3.4.1",
                "jquery-ui-dist": "^1.13.3",
                "jquery-validation": "^1.20.0",
                "jquery.browser": "^0.1.0",
                "trumbowyg": "^2.28.0",
                "uglify-js": "3.18.0"
            }
        },
        "node_modules/@chinchilla-software/jquery-ui-timepicker-addon": {
            "version": "1.6.3",
            "resolved": "https://registry.npmjs.org/@chinchilla-software/jquery-ui-timepicker-addon/-/jquery-ui-timepicker-addon-1.6.3.tgz",
            "integrity": "sha512-P2rOR4MWcBMTbkaA0AE77COj8BTBIeNp9trtUKbvWFAoBoWHpwGhN8WIEjST7h/1nVQH+4CSpa4i9XoXZYvWXg==",
            "engines": {
                "node": ">= 0.8.0"
            }
        },
        "node_modules/dompurify": {
            "version": "3.1.5",
            "resolved": "https://registry.npmjs.org/dompurify/-/dompurify-3.1.5.tgz",
            "integrity": "sha512-lwG+n5h8QNpxtyrJW/gJWckL+1/DQiYMX8f7t8Z2AZTPw1esVrqjI63i7Zc2Gz0aKzLVMYC1V1PL/ky+aY/NgA=="
        },
        "node_modules/featherlight": {
            "version": "1.7.14",
            "resolved": "https://registry.npmjs.org/featherlight/-/featherlight-1.7.14.tgz",
            "integrity": "sha512-4R0Vk0pTN5IPCuMABPtXJ6hgGgoK1qwbxGB4Nf06gXovw/i+r3s/f94ksZYjsW3c2oMEAS9A8exdlNaX9YSSRQ=="
        },
        "node_modules/flot": {
            "version": "4.2.6",
            "resolved": "https://registry.npmjs.org/flot/-/flot-4.2.6.tgz",
            "integrity": "sha512-Iz4HCet1ZBQnjGwECz4jseD1zMnh7m2XJIMI6A62l8h2SeceLYOEmYGNQto1XhkSM9fUmqzyKhWwJ+RolWLydg=="
        },
        "node_modules/inputmask": {
            "version": "5.0.9",
            "resolved": "https://registry.npmjs.org/inputmask/-/inputmask-5.0.9.tgz",
            "integrity": "sha512-s0lUfqcEbel+EQXtehXqwCJGShutgieOaIImFKC/r4reYNvX3foyrChl6LOEvaEgxEbesePIrw1Zi2jhZaDZbQ=="
        },
        "node_modules/jquery": {
            "version": "3.7.1",
            "resolved": "https://registry.npmjs.org/jquery/-/jquery-3.7.1.tgz",
            "integrity": "sha512-m4avr8yL8kmFN8psrbFFFmB/If14iN5o9nw/NgnnM+kybDJpRsAynV2BsfpTYrTRysYUdADVD7CkUUizgkpLfg=="
        },
        "node_modules/jquery-migrate": {
            "version": "3.4.1",
            "resolved": "https://registry.npmjs.org/jquery-migrate/-/jquery-migrate-3.4.1.tgz",
            "integrity": "sha512-6RaV23lLAYccu8MtLfy2sIxOvx+bulnWHm/pvffAi7KOzPk1sN9IYglpkl1ZNCj1FSgSNDPS2fSZ1hWsXc200Q==",
            "peerDependencies": {
                "jquery": ">=3 <4"
            }
        },
        "node_modules/jquery-ui-dist": {
            "version": "1.13.3",
            "resolved": "https://registry.npmjs.org/jquery-ui-dist/-/jquery-ui-dist-1.13.3.tgz",
            "integrity": "sha512-qeTR3SOSQ0jgxaNXSFU6+JtxdzNUSJKgp8LCzVrVKntM25+2YBJW1Ea8B2AwjmmSHfPLy2dSlZxJQN06OfVFhg==",
            "dependencies": {
                "jquery": ">=1.8.0 <4.0.0"
            }
        },
        "node_modules/jquery-validation": {
            "version": "1.20.0",
            "resolved": "https://registry.npmjs.org/jquery-validation/-/jquery-validation-1.20.0.tgz",
            "integrity": "sha512-c8tg4ltIIP6L7l0bZ79sRzOJYquyjS48kQZ6iv8MJ2r0OYztxtkWYKTReZyU2/zVFYiINB29i0Z/IRNNuJQN1g==",
            "peerDependencies": {
                "jquery": "^1.7 || ^2.0 || ^3.1"
            }
        },
        "node_modules/jquery.browser": {
            "version": "0.1.0",
            "resolved": "https://registry.npmjs.org/jquery.browser/-/jquery.browser-0.1.0.tgz",
            "integrity": "sha512-5GjtLzzEBzxs/nwSVpCbSdk0acssfKsP7Upp43zmdHVV1Vb6E9VayyqPAQlfLrTeZL3YSWocCbkOvKdAc2CN4g==",
            "engines": {
                "node": ">= 0.4.0"
            }
        },
        "node_modules/trumbowyg": {
            "version": "2.28.0",
            "resolved": "https://registry.npmjs.org/trumbowyg/-/trumbowyg-2.28.0.tgz",
            "integrity": "sha512-K4KX6psV+hUt03Y3RNdQM5Y+JLfZOUliNnCz5lm12Llfhwvx0P0geBsM0w9ZHeX5g8q7d2MC5X7sPOwGv0Q7Kw==",
            "peerDependencies": {
                "jquery": ">=1.8"
            }
        },
        "node_modules/uglify-js": {
            "version": "3.18.0",
            "resolved": "https://registry.npmjs.org/uglify-js/-/uglify-js-3.18.0.tgz",
            "integrity": "sha512-SyVVbcNBCk0dzr9XL/R/ySrmYf0s372K6/hFklzgcp2lBFyXtw4I7BOdDjlLhE1aVqaI/SHWXWmYdlZxuyF38A==",
            "bin": {
                "uglifyjs": "bin/uglifyjs"
            },
            "engines": {
                "node": ">=0.8.0"
            }
        }
    }
}
