{
    "name": "ofbiz-common-theme",
    "lockfileVersion": 3,
    "requires": true,
    "packages": {
        "": {
            "name": "ofbiz-common-theme",
            "license": "Apache-2.0",
            "dependencies": {
                "@chinchilla-software/jquery-ui-timepicker-addon": "^1.6.3",
                "dompurify": "^3.2.3",
                "featherlight": "^1.7.14",
                "flot": "^4.2.6",
                "inputmask": "^5.0.9",
                "jquery": "^3.7.1",
                "jquery-migrate": "^3.5.2",
                "jquery-ui-dist": "^1.13.3",
                "jquery-validation": "^1.21.0",
                "jquery.browser": "^0.1.0",
                "trumbowyg": "^2.28.0",
                "uglify-js": "3.19.3"
            }
        },
        "node_modules/@chinchilla-software/jquery-ui-timepicker-addon": {
            "version": "1.6.3",
            "resolved": "https://registry.npmjs.org/@chinchilla-software/jquery-ui-timepicker-addon/-/jquery-ui-timepicker-addon-1.6.3.tgz",
            "integrity": "sha512-P2rOR4MWcBMTbkaA0AE77COj8BTBIeNp9trtUKbvWFAoBoWHpwGhN8WIEjST7h/1nVQH+4CSpa4i9XoXZYvWXg==",
            "engines": {
                "node": ">= 0.8.0"
            }
        },
        "node_modules/@types/trusted-types": {
            "version": "2.0.7",
            "resolved": "https://registry.npmjs.org/@types/trusted-types/-/trusted-types-2.0.7.tgz",
            "integrity": "sha512-ScaPdn1dQczgbl0QFTeTOmVHFULt394XJgOQNoyVhZ6r2vLnMLJfBPd53SB52T/3G36VI1/g2MZaX0cwDuXsfw==",
            "optional": true
        },
        "node_modules/dompurify": {
            "version": "3.2.3",
            "resolved": "https://registry.npmjs.org/dompurify/-/dompurify-3.2.3.tgz",
            "integrity": "sha512-U1U5Hzc2MO0oW3DF+G9qYN0aT7atAou4AgI0XjWz061nyBPbdxkfdhfy5uMgGn6+oLFCfn44ZGbdDqCzVmlOWA==",
            "optionalDependencies": {
                "@types/trusted-types": "^2.0.7"
            }
        },
        "node_modules/featherlight": {
            "version": "1.7.14",
            "resolved": "https://registry.npmjs.org/featherlight/-/featherlight-1.7.14.tgz",
            "integrity": "sha512-4R0Vk0pTN5IPCuMABPtXJ6hgGgoK1qwbxGB4Nf06gXovw/i+r3s/f94ksZYjsW3c2oMEAS9A8exdlNaX9YSSRQ=="
        },
        "node_modules/flot": {
            "version": "4.2.6",
            "resolved": "https://registry.npmjs.org/flot/-/flot-4.2.6.tgz",
            "integrity": "sha512-Iz4HCet1ZBQnjGwECz4jseD1zMnh7m2XJIMI6A62l8h2SeceLYOEmYGNQto1XhkSM9fUmqzyKhWwJ+RolWLydg=="
        },
        "node_modules/inputmask": {
            "version": "5.0.9",
            "resolved": "https://registry.npmjs.org/inputmask/-/inputmask-5.0.9.tgz",
            "integrity": "sha512-s0lUfqcEbel+EQXtehXqwCJGShutgieOaIImFKC/r4reYNvX3foyrChl6LOEvaEgxEbesePIrw1Zi2jhZaDZbQ=="
        },
        "node_modules/jquery": {
            "version": "3.7.1",
            "resolved": "https://registry.npmjs.org/jquery/-/jquery-3.7.1.tgz",
            "integrity": "sha512-m4avr8yL8kmFN8psrbFFFmB/If14iN5o9nw/NgnnM+kybDJpRsAynV2BsfpTYrTRysYUdADVD7CkUUizgkpLfg=="
        },
        "node_modules/jquery-migrate": {
            "version": "3.5.2",
            "resolved": "https://registry.npmjs.org/jquery-migrate/-/jquery-migrate-3.5.2.tgz",
            "integrity": "sha512-GGvcVWK3aei2/98r7pA4UkOYvs4xVeCGvquNXADFUp9+Sr6VeOw0ktlQ9z4YlBbEFpsXBlRioAgpH/fLWinj4Q==",
            "peerDependencies": {
                "jquery": ">=3 <4"
            }
        },
        "node_modules/jquery-ui-dist": {
            "version": "1.13.3",
            "resolved": "https://registry.npmjs.org/jquery-ui-dist/-/jquery-ui-dist-1.13.3.tgz",
            "integrity": "sha512-qeTR3SOSQ0jgxaNXSFU6+JtxdzNUSJKgp8LCzVrVKntM25+2YBJW1Ea8B2AwjmmSHfPLy2dSlZxJQN06OfVFhg==",
            "dependencies": {
                "jquery": ">=1.8.0 <4.0.0"
            }
        },
        "node_modules/jquery-validation": {
            "version": "1.21.0",
            "resolved": "https://registry.npmjs.org/jquery-validation/-/jquery-validation-1.21.0.tgz",
            "integrity": "sha512-xNot0rlUIgu7duMcQ5qb6MGkGL/Z1PQaRJQoZAURW9+a/2PGOUxY36o/WyNeP2T9R6jvWB8Z9lUVvvQWI/Zs5w==",
            "peerDependencies": {
                "jquery": "^1.7 || ^2.0 || ^3.1"
            }
        },
        "node_modules/jquery.browser": {
            "version": "0.1.0",
            "resolved": "https://registry.npmjs.org/jquery.browser/-/jquery.browser-0.1.0.tgz",
            "integrity": "sha512-5GjtLzzEBzxs/nwSVpCbSdk0acssfKsP7Upp43zmdHVV1Vb6E9VayyqPAQlfLrTeZL3YSWocCbkOvKdAc2CN4g==",
            "engines": {
                "node": ">= 0.4.0"
            }
        },
        "node_modules/trumbowyg": {
            "version": "2.28.0",
            "resolved": "https://registry.npmjs.org/trumbowyg/-/trumbowyg-2.28.0.tgz",
            "integrity": "sha512-K4KX6psV+hUt03Y3RNdQM5Y+JLfZOUliNnCz5lm12Llfhwvx0P0geBsM0w9ZHeX5g8q7d2MC5X7sPOwGv0Q7Kw==",
            "peerDependencies": {
                "jquery": ">=1.8"
            }
        },
        "node_modules/uglify-js": {
            "version": "3.19.3",
            "resolved": "https://registry.npmjs.org/uglify-js/-/uglify-js-3.19.3.tgz",
            "integrity": "sha512-v3Xu+yuwBXisp6QYTcH4UbH+xYJXqnq2m/LtQVWKWzYc1iehYnLixoQDN9FH6/j9/oybfd6W9Ghwkl8+UMKTKQ==",
            "bin": {
                "uglifyjs": "bin/uglifyjs"
            },
            "engines": {
                "node": ">=0.8.0"
            }
        }
    }
}
